
Microsoft Visual Studio Solution File, Format Version 9.00
# Visual Studio 2005
Project("{FAE04EC0-301F-11D3-BF4B-00C04F79EFBC}") = "campusMap", "campusMap\campusMap.csproj", "{8368F2D7-1040-4966-BA98-E49E32597227}"
	ProjectSection(WebsiteProperties) = preProject
		Debug.AspNetCompiler.Debug = "True"
		Release.AspNetCompiler.Debug = "False"
	EndProjectSection
EndProject
Global
	GlobalSection(SolutionConfigurationPlatforms) = preSolution
		Debug|Any CPU = Debug|Any CPU
		Release|Any CPU = Release|Any CPU
	EndGlobalSection
	GlobalSection(ProjectConfigurationPlatforms) = postSolution
		{8368F2D7-1040-4966-BA98-E49E32597227}.Debug|Any CPU.ActiveCfg = Debug|Any CPU
		{8368F2D7-1040-4966-BA98-E49E32597227}.Debug|Any CPU.Build.0 = Debug|Any CPU
		{8368F2D7-1040-4966-BA98-E49E32597227}.Release|Any CPU.ActiveCfg = Release|Any CPU
		{8368F2D7-1040-4966-BA98-E49E32597227}.Release|Any CPU.Build.0 = Release|Any CPU
	EndGlobalSection
	GlobalSection(SolutionProperties) = preSolution
		HideSolutionNode = FALSE
	EndGlobalSection
EndGlobal
